
Microsoft Visual Studio Solution File, Format Version 12.00
# Visual Studio 15
VisualStudioVersion = 15.0.27004.2008
MinimumVisualStudioVersion = 10.0.40219.1
Project("{FAE04EC0-301F-11D3-BF4B-00C04F79EFBC}") = "smam", "smam\smam.csproj", "{55614F63-3782-4E4D-BEC6-A62AC2412CBD}"
EndProject
Global
	GlobalSection(SolutionConfigurationPlatforms) = preSolution
		Debug|ARM = Debug|ARM
		Debug|x64 = Debug|x64
		Debug|x86 = Debug|x86
		Release|ARM = Release|ARM
		Release|x64 = Release|x64
		Release|x86 = Release|x86
	EndGlobalSection
	GlobalSection(ProjectConfigurationPlatforms) = postSolution
		{55614F63-3782-4E4D-BEC6-A62AC2412CBD}.Debug|ARM.ActiveCfg = Debug|ARM
		{55614F63-3782-4E4D-BEC6-A62AC2412CBD}.Debug|ARM.Build.0 = Debug|ARM
		{55614F63-3782-4E4D-BEC6-A62AC2412CBD}.Debug|ARM.Deploy.0 = Debug|ARM
		{55614F63-3782-4E4D-BEC6-A62AC2412CBD}.Debug|x64.ActiveCfg = Debug|x64
		{55614F63-3782-4E4D-BEC6-A62AC2412CBD}.Debug|x64.Build.0 = Debug|x64
		{55614F63-3782-4E4D-BEC6-A62AC2412CBD}.Debug|x64.Deploy.0 = Debug|x64
		{55614F63-3782-4E4D-BEC6-A62AC2412CBD}.Debug|x86.ActiveCfg = Debug|x86
		{55614F63-3782-4E4D-BEC6-A62AC2412CBD}.Debug|x86.Build.0 = Debug|x86
		{55614F63-3782-4E4D-BEC6-A62AC2412CBD}.Debug|x86.Deploy.0 = Debug|x86
		{55614F63-3782-4E4D-BEC6-A62AC2412CBD}.Release|ARM.ActiveCfg = Release|ARM
		{55614F63-3782-4E4D-BEC6-A62AC2412CBD}.Release|ARM.Build.0 = Release|ARM
		{55614F63-3782-4E4D-BEC6-A62AC2412CBD}.Release|ARM.Deploy.0 = Release|ARM
		{55614F63-3782-4E4D-BEC6-A62AC2412CBD}.Release|x64.ActiveCfg = Release|x64
		{55614F63-3782-4E4D-BEC6-A62AC2412CBD}.Release|x64.Build.0 = Release|x64
		{55614F63-3782-4E4D-BEC6-A62AC2412CBD}.Release|x64.Deploy.0 = Release|x64
		{55614F63-3782-4E4D-BEC6-A62AC2412CBD}.Release|x86.ActiveCfg = Release|x86
		{55614F63-3782-4E4D-BEC6-A62AC2412CBD}.Release|x86.Build.0 = Release|x86
		{55614F63-3782-4E4D-BEC6-A62AC2412CBD}.Release|x86.Deploy.0 = Release|x86
	EndGlobalSection
	GlobalSection(SolutionProperties) = preSolution
		HideSolutionNode = FALSE
	EndGlobalSection
	GlobalSection(ExtensibilityGlobals) = postSolution
		SolutionGuid = {18F4DAF1-0C57-4FEB-8695-65B2EE1CB366}
	EndGlobalSection
EndGlobal
